// !$*UTF8*$!
{
	archiveVersion = 1;
	classes = {
	};
	objectVersion = 46;
	objects = {

/* Begin PBXBuildFile section */
		FC075FF81F797CD500004E30 /* AppDelegate.swift in Sources */ = {isa = PBXBuildFile; fileRef = FC075FF71F797CD500004E30 /* AppDelegate.swift */; };
		FC075FFA1F797CD500004E30 /* ViewController.swift in Sources */ = {isa = PBXBuildFile; fileRef = FC075FF91F797CD500004E30 /* ViewController.swift */; };
		FC075FFD1F797CD500004E30 /* Main.storyboard in Resources */ = {isa = PBXBuildFile; fileRef = FC075FFB1F797CD500004E30 /* Main.storyboard */; };
		FC075FFF1F797CD500004E30 /* Assets.xcassets in Resources */ = {isa = PBXBuildFile; fileRef = FC075FFE1F797CD500004E30 /* Assets.xcassets */; };
		FC0760021F797CD500004E30 /* LaunchScreen.storyboard in Resources */ = {isa = PBXBuildFile; fileRef = FC0760001F797CD500004E30 /* LaunchScreen.storyboard */; };
		FC07600A1F797D0100004E30 /* TableViewCell.swift in Sources */ = {isa = PBXBuildFile; fileRef = FC0760091F797D0100004E30 /* TableViewCell.swift */; };
		FC07600C1F797D4600004E30 /* TableViewDataSource.swift in Sources */ = {isa = PBXBuildFile; fileRef = FC07600B1F797D4600004E30 /* TableViewDataSource.swift */; };
		FC16D8651F7D7115006FB0E4 /* User.swift in Sources */ = {isa = PBXBuildFile; fileRef = FC16D8641F7D7115006FB0E4 /* User.swift */; };
/* End PBXBuildFile section */

/* Begin PBXFileReference section */
		FC075FF41F797CD500004E30 /* TableViewDatasouceSample.app */ = {isa = PBXFileReference; explicitFileType = wrapper.application; includeInIndex = 0; path = TableViewDatasouceSample.app; sourceTree = BUILT_PRODUCTS_DIR; };
		FC075FF71F797CD500004E30 /* AppDelegate.swift */ = {isa = PBXFileReference; lastKnownFileType = sourcecode.swift; path = AppDelegate.swift; sourceTree = "<group>"; };
		FC075FF91F797CD500004E30 /* ViewController.swift */ = {isa = PBXFileReference; lastKnownFileType = sourcecode.swift; path = ViewController.swift; sourceTree = "<group>"; };
		FC075FFC1F797CD500004E30 /* Base */ = {isa = PBXFileReference; lastKnownFileType = file.storyboard; name = Base; path = Base.lproj/Main.storyboard; sourceTree = "<group>"; };
		FC075FFE1F797CD500004E30 /* Assets.xcassets */ = {isa = PBXFileReference; lastKnownFileType = folder.assetcatalog; path = Assets.xcassets; sourceTree = "<group>"; };
		FC0760011F797CD500004E30 /* Base */ = {isa = PBXFileReference; lastKnownFileType = file.storyboard; name = Base; path = Base.lproj/LaunchScreen.storyboard; sourceTree = "<group>"; };
		FC0760031F797CD500004E30 /* Info.plist */ = {isa = PBXFileReference; lastKnownFileType = text.plist.xml; path = Info.plist; sourceTree = "<group>"; };
		FC0760091F797D0100004E30 /* TableViewCell.swift */ = {isa = PBXFileReference; fileEncoding = 4; lastKnownFileType = sourcecode.swift; path = TableViewCell.swift; sourceTree = "<group>"; };
		FC07600B1F797D4600004E30 /* TableViewDataSource.swift */ = {isa = PBXFileReference; fileEncoding = 4; lastKnownFileType = sourcecode.swift; path = TableViewDataSource.swift; sourceTree = "<group>"; };
		FC16D8641F7D7115006FB0E4 /* User.swift */ = {isa = PBXFileReference; lastKnownFileType = sourcecode.swift; path = User.swift; sourceTree = "<group>"; };
/* End PBXFileReference section */

/* Begin PBXFrameworksBuildPhase section */
		FC075FF11F797CD500004E30 /* Frameworks */ = {
			isa = PBXFrameworksBuildPhase;
			buildActionMask = 2147483647;
			files = (
			);
			runOnlyForDeploymentPostprocessing = 0;
		};
/* End PBXFrameworksBuildPhase section */

/* Begin PBXGroup section */
		FC075FEB1F797CD500004E30 = {
			isa = PBXGroup;
			children = (
				FC075FF61F797CD500004E30 /* TableViewDatasouceSample */,
				FC075FF51F797CD500004E30 /* Products */,
			);
			sourceTree = "<group>";
		};
		FC075FF51F797CD500004E30 /* Products */ = {
			isa = PBXGroup;
			children = (
				FC075FF41F797CD500004E30 /* TableViewDatasouceSample.app */,
			);
			name = Products;
			sourceTree = "<group>";
		};
		FC075FF61F797CD500004E30 /* TableViewDatasouceSample */ = {
			isa = PBXGroup;
			children = (
				FC075FF71F797CD500004E30 /* AppDelegate.swift */,
				FC075FF91F797CD500004E30 /* ViewController.swift */,
				FC075FFB1F797CD500004E30 /* Main.storyboard */,
				FC075FFE1F797CD500004E30 /* Assets.xcassets */,
				FC0760001F797CD500004E30 /* LaunchScreen.storyboard */,
				FC0760031F797CD500004E30 /* Info.plist */,
				FC0760091F797D0100004E30 /* TableViewCell.swift */,
				FC07600B1F797D4600004E30 /* TableViewDataSource.swift */,
				FC16D8641F7D7115006FB0E4 /* User.swift */,
			);
			path = TableViewDatasouceSample;
			sourceTree = "<group>";
		};
/* End PBXGroup section */

/* Begin PBXNativeTarget section */
		FC075FF31F797CD500004E30 /* TableViewDatasouceSample */ = {
			isa = PBXNativeTarget;
			buildConfigurationList = FC0760061F797CD500004E30 /* Build configuration list for PBXNativeTarget "TableViewDatasouceSample" */;
			buildPhases = (
				FC075FF01F797CD500004E30 /* Sources */,
				FC075FF11F797CD500004E30 /* Frameworks */,
				FC075FF21F797CD500004E30 /* Resources */,
			);
			buildRules = (
			);
			dependencies = (
			);
			name = TableViewDatasouceSample;
			productName = TableViewDatasouceSample;
			productReference = FC075FF41F797CD500004E30 /* TableViewDatasouceSample.app */;
			productType = "com.apple.product-type.application";
		};
/* End PBXNativeTarget section */

/* Begin PBXProject section */
		FC075FEC1F797CD500004E30 /* Project object */ = {
			isa = PBXProject;
			attributes = {
				LastSwiftUpdateCheck = 0830;
				LastUpgradeCheck = 0830;
				ORGANIZATIONNAME = "vikram singh rajpoot";
				TargetAttributes = {
					FC075FF31F797CD500004E30 = {
						CreatedOnToolsVersion = 8.3.3;
						ProvisioningStyle = Automatic;
					};
				};
			};
			buildConfigurationList = FC075FEF1F797CD500004E30 /* Build configuration list for PBXProject "TableViewDatasouceSample" */;
			compatibilityVersion = "Xcode 3.2";
			developmentRegion = English;
			hasScannedForEncodings = 0;
			knownRegions = (
				en,
				Base,
			);
			mainGroup = FC075FEB1F797CD500004E30;
			productRefGroup = FC075FF51F797CD500004E30 /* Products */;
			projectDirPath = "";
			projectRoot = "";
			targets = (
				FC075FF31F797CD500004E30 /* TableViewDatasouceSample */,
			);
		};
/* End PBXProject section */

/* Begin PBXResourcesBuildPhase section */
		FC075FF21F797CD500004E30 /* Resources */ = {
			isa = PBXResourcesBuildPhase;
			buildActionMask = 2147483647;
			files = (
				FC0760021F797CD500004E30 /* LaunchScreen.storyboard in Resources */,
				FC075FFF1F797CD500004E30 /* Assets.xcassets in Resources */,
				FC075FFD1F797CD500004E30 /* Main.storyboard in Resources */,
			);
			runOnlyForDeploymentPostprocessing = 0;
		};
/* End PBXResourcesBuildPhase section */

/* Begin PBXSourcesBuildPhase section */
		FC075FF01F797CD500004E30 /* Sources */ = {
			isa = PBXSourcesBuildPhase;
			buildActionMask = 2147483647;
			files = (
				FC07600A1F797D0100004E30 /* TableViewCell.swift in Sources */,
				FC075FFA1F797CD500004E30 /* ViewController.swift in Sources */,
				FC07600C1F797D4600004E30 /* TableViewDataSource.swift in Sources */,
				FC16D8651F7D7115006FB0E4 /* User.swift in Sources */,
				FC075FF81F797CD500004E30 /* AppDelegate.swift in Sources */,
			);
			runOnlyForDeploymentPostprocessing = 0;
		};
/* End PBXSourcesBuildPhase section */

/* Begin PBXVariantGroup section */
		FC075FFB1F797CD500004E30 /* Main.storyboard */ = {
			isa = PBXVariantGroup;
			children = (
				FC075FFC1F797CD500004E30 /* Base */,
			);
			name = Main.storyboard;
			sourceTree = "<group>";
		};
		FC0760001F797CD500004E30 /* LaunchScreen.storyboard */ = {
			isa = PBXVariantGroup;
			children = (
				FC0760011F797CD500004E30 /* Base */,
			);
			name = LaunchScreen.storyboard;
			sourceTree = "<group>";
		};
/* End PBXVariantGroup section */

/* Begin XCBuildConfiguration section */
		FC0760041F797CD500004E30 /* Debug */ = {
			isa = XCBuildConfiguration;
			buildSettings = {
				ALWAYS_SEARCH_USER_PATHS = NO;
				CLANG_ANALYZER_NONNULL = YES;
				CLANG_ANALYZER_NUMBER_OBJECT_CONVERSION = YES_AGGRESSIVE;
				CLANG_CXX_LANGUAGE_STANDARD = "gnu++0x";
				CLANG_CXX_LIBRARY = "libc++";
				CLANG_ENABLE_MODULES = YES;
				CLANG_ENABLE_OBJC_ARC = YES;
				CLANG_WARN_BOOL_CONVERSION = YES;
				CLANG_WARN_CONSTANT_CONVERSION = YES;
				CLANG_WARN_DIRECT_OBJC_ISA_USAGE = YES_ERROR;
				CLANG_WARN_DOCUMENTATION_COMMENTS = YES;
				CLANG_WARN_EMPTY_BODY = YES;
				CLANG_WARN_ENUM_CONVERSION = YES;
				CLANG_WARN_INFINITE_RECURSION = YES;
				CLANG_WARN_INT_CONVERSION = YES;
				CLANG_WARN_OBJC_ROOT_CLASS = YES_ERROR;
				CLANG_WARN_SUSPICIOUS_MOVE = YES;
				CLANG_WARN_UNREACHABLE_CODE = YES;
				CLANG_WARN__DUPLICATE_METHOD_MATCH = YES;
				"CODE_SIGN_IDENTITY[sdk=iphoneos*]" = "iPhone Developer";
				COPY_PHASE_STRIP = NO;
				DEBUG_INFORMATION_FORMAT = dwarf;
				ENABLE_STRICT_OBJC_MSGSEND = YES;
				ENABLE_TESTABILITY = YES;
				GCC_C_LANGUAGE_STANDARD = gnu99;
				GCC_DYNAMIC_NO_PIC = NO;
				GCC_NO_COMMON_BLOCKS = YES;
				GCC_OPTIMIZATION_LEVEL = 0;
				GCC_PREPROCESSOR_DEFINITIONS = (
					"DEBUG=1",
					"$(inherited)",
				);
				GCC_WARN_64_TO_32_BIT_CONVERSION = YES;
				GCC_WARN_ABOUT_RETURN_TYPE = YES_ERROR;
				GCC_WARN_UNDECLARED_SELECTOR = YES;
				GCC_WARN_UNINITIALIZED_AUTOS = YES_AGGRESSIVE;
				GCC_WARN_UNUSED_FUNCTION = YES;
				GCC_WARN_UNUSED_VARIABLE = YES;
				IPHONEOS_DEPLOYMENT_TARGET = 10.3;
				MTL_ENABLE_DEBUG_INFO = YES;
				ONLY_ACTIVE_ARCH = YES;
				SDKROOT = iphoneos;
				SWIFT_ACTIVE_COMPILATION_CONDITIONS = DEBUG;
				SWIFT_OPTIMIZATION_LEVEL = "-Onone";
			};
			name = Debug;
		};
		FC0760051F797CD500004E30 /* Release */ = {
			isa = XCBuildConfiguration;
			buildSettings = {
				ALWAYS_SEARCH_USER_PATHS = NO;
				CLANG_ANALYZER_NONNULL = YES;
				CLANG_ANALYZER_NUMBER_OBJECT_CONVERSION = YES_AGGRESSIVE;
				CLANG_CXX_LANGUAGE_STANDARD = "gnu++0x";
				CLANG_CXX_LIBRARY = "libc++";
				CLANG_ENABLE_MODULES = YES;
				CLANG_ENABLE_OBJC_ARC = YES;
				CLANG_WARN_BOOL_CONVERSION = YES;
				CLANG_WARN_CONSTANT_CONVERSION = YES;
				CLANG_WARN_DIRECT_OBJC_ISA_USAGE = YES_ERROR;
				CLANG_WARN_DOCUMENTATION_COMMENTS = YES;
				CLANG_WARN_EMPTY_BODY = YES;
				CLANG_WARN_ENUM_CONVERSION = YES;
				CLANG_WARN_INFINITE_RECURSION = YES;
				CLANG_WARN_INT_CONVERSION = YES;
				CLANG_WARN_OBJC_ROOT_CLASS = YES_ERROR;
				CLANG_WARN_SUSPICIOUS_MOVE = YES;
				CLANG_WARN_UNREACHABLE_CODE = YES;
				CLANG_WARN__DUPLICATE_METHOD_MATCH = YES;
				"CODE_SIGN_IDENTITY[sdk=iphoneos*]" = "iPhone Developer";
				COPY_PHASE_STRIP = NO;
				DEBUG_INFORMATION_FORMAT = "dwarf-with-dsym";
				ENABLE_NS_ASSERTIONS = NO;
				ENABLE_STRICT_OBJC_MSGSEND = YES;
				GCC_C_LANGUAGE_STANDARD = gnu99;
				GCC_NO_COMMON_BLOCKS = YES;
				GCC_WARN_64_TO_32_BIT_CONVERSION = YES;
				GCC_WARN_ABOUT_RETURN_TYPE = YES_ERROR;
				GCC_WARN_UNDECLARED_SELECTOR = YES;
				GCC_WARN_UNINITIALIZED_AUTOS = YES_AGGRESSIVE;
				GCC_WARN_UNUSED_FUNCTION = YES;
				GCC_WARN_UNUSED_VARIABLE = YES;
				IPHONEOS_DEPLOYMENT_TARGET = 10.3;
				MTL_ENABLE_DEBUG_INFO = NO;
				SDKROOT = iphoneos;
				SWIFT_OPTIMIZATION_LEVEL = "-Owholemodule";
				VALIDATE_PRODUCT = YES;
			};
			name = Release;
		};
		FC0760071F797CD500004E30 /* Debug */ = {
			isa = XCBuildConfiguration;
			buildSettings = {
				ASSETCATALOG_COMPILER_APPICON_NAME = AppIcon;
				INFOPLIST_FILE = TableViewDatasouceSample/Info.plist;
				LD_RUNPATH_SEARCH_PATHS = "$(inherited) @executable_path/Frameworks";
				PRODUCT_BUNDLE_IDENTIFIER = vikram.TableViewDatasouceSample;
				PRODUCT_NAME = "$(TARGET_NAME)";
				SWIFT_VERSION = 3.0;
			};
			name = Debug;
		};
		FC0760081F797CD500004E30 /* Release */ = {
			isa = XCBuildConfiguration;
			buildSettings = {
				ASSETCATALOG_COMPILER_APPICON_NAME = AppIcon;
				INFOPLIST_FILE = TableViewDatasouceSample/Info.plist;
				LD_RUNPATH_SEARCH_PATHS = "$(inherited) @executable_path/Frameworks";
				PRODUCT_BUNDLE_IDENTIFIER = vikram.TableViewDatasouceSample;
				PRODUCT_NAME = "$(TARGET_NAME)";
				SWIFT_VERSION = 3.0;
			};
			name = Release;
		};
/* End XCBuildConfiguration section */

/* Begin XCConfigurationList section */
		FC075FEF1F797CD500004E30 /* Build configuration list for PBXProject "TableViewDatasouceSample" */ = {
			isa = XCConfigurationList;
			buildConfigurations = (
				FC0760041F797CD500004E30 /* Debug */,
				FC0760051F797CD500004E30 /* Release */,
			);
			defaultConfigurationIsVisible = 0;
			defaultConfigurationName = Release;
		};
		FC0760061F797CD500004E30 /* Build configuration list for PBXNativeTarget "TableViewDatasouceSample" */ = {
			isa = XCConfigurationList;
			buildConfigurations = (
				FC0760071F797CD500004E30 /* Debug */,
				FC0760081F797CD500004E30 /* Release */,
			);
			defaultConfigurationIsVisible = 0;
			defaultConfigurationName = Release;
		};
/* End XCConfigurationList section */
	};
	rootObject = FC075FEC1F797CD500004E30 /* Project object */;
}
